
Microsoft Visual Studio Solution File, Format Version 12.00
# Visual Studio Version 17
VisualStudioVersion = 17.2.32630.192
MinimumVisualStudioVersion = 10.0.40219.1
Project("{8BC9CEB8-8B4A-11D0-8D11-00A0C91BC942}") = "Server", "Server\Server.vcxproj", "{1AC41EBF-5B91-4B22-8334-01111C567E39}"
EndProject
Global
	GlobalSection(SolutionConfigurationPlatforms) = preSolution
		Debug|x64 = Debug|x64
		Release|x64 = Release|x64
	EndGlobalSection
	GlobalSection(ProjectConfigurationPlatforms) = postSolution
		{1AC41EBF-5B91-4B22-8334-01111C567E39}.Debug|x64.ActiveCfg = Debug|x64
		{1AC41EBF-5B91-4B22-8334-01111C567E39}.Debug|x64.Build.0 = Debug|x64
		{1AC41EBF-5B91-4B22-8334-01111C567E39}.Release|x64.ActiveCfg = Release|x64
		{1AC41EBF-5B91-4B22-8334-01111C567E39}.Release|x64.Build.0 = Release|x64
	EndGlobalSection
	GlobalSection(SolutionProperties) = preSolution
		HideSolutionNode = FALSE
	EndGlobalSection
	GlobalSection(ExtensibilityGlobals) = postSolution
		SolutionGuid = {E66FD325-50B2-4A93-A1ED-79DB2DD129B3}
	EndGlobalSection
EndGlobal
